{
  "name": "assets",
  "lockfileVersion": 2,
  "requires": true,
  "packages": {
    "": {
      "dependencies": {
        "fontawesome-4.7": "^4.7.0",
        "jquery": "^3.6.0",
        "sweetalert2": "^11.4.26"
      }
    },
    "node_modules/fontawesome-4.7": {
      "version": "4.7.0",
      "resolved": "https://registry.npmjs.org/fontawesome-4.7/-/fontawesome-4.7-4.7.0.tgz",
      "integrity": "sha512-K+pJ9tR3Z+youCvMOtqwJyyM69dlAQflrahXTV3KExWTAFHqR+MgeEC/dF3Q7nUNOJRMOX8GIPzzGbnh4GMrkw=="
    },
    "node_modules/jquery": {
      "version": "3.6.0",
      "resolved": "https://registry.npmjs.org/jquery/-/jquery-3.6.0.tgz",
      "integrity": "sha512-JVzAR/AjBvVt2BmYhxRCSYysDsPcssdmTFnzyLEts9qNwmjmu4JTAMYubEfwVOSwpQ1I1sKKFcxhZCI2buerfw=="
    },
    "node_modules/sweetalert2": {
      "version": "11.4.26",
      "resolved": "https://registry.npmjs.org/sweetalert2/-/sweetalert2-11.4.26.tgz",
      "integrity": "sha512-YqH/C6IPudeWVK9R0x3pCOqP7m90Ae50tl98SQBpAwL3+UBl1WYD2+5OaKy0ybiVTKbYe76wwJ3PV+bITLjl+A==",
      "funding": {
        "type": "individual",
        "url": "https://sweetalert2.github.io/#donations"
      }
    }
  },
  "dependencies": {
    "fontawesome-4.7": {
      "version": "4.7.0",
      "resolved": "https://registry.npmjs.org/fontawesome-4.7/-/fontawesome-4.7-4.7.0.tgz",
      "integrity": "sha512-K+pJ9tR3Z+youCvMOtqwJyyM69dlAQflrahXTV3KExWTAFHqR+MgeEC/dF3Q7nUNOJRMOX8GIPzzGbnh4GMrkw=="
    },
    "jquery": {
      "version": "3.6.0",
      "resolved": "https://registry.npmjs.org/jquery/-/jquery-3.6.0.tgz",
      "integrity": "sha512-JVzAR/AjBvVt2BmYhxRCSYysDsPcssdmTFnzyLEts9qNwmjmu4JTAMYubEfwVOSwpQ1I1sKKFcxhZCI2buerfw=="
    },
    "sweetalert2": {
      "version": "11.4.26",
      "resolved": "https://registry.npmjs.org/sweetalert2/-/sweetalert2-11.4.26.tgz",
      "integrity": "sha512-YqH/C6IPudeWVK9R0x3pCOqP7m90Ae50tl98SQBpAwL3+UBl1WYD2+5OaKy0ybiVTKbYe76wwJ3PV+bITLjl+A=="
    }
  }
}
